
Microsoft Visual Studio Solution File, Format Version 12.00
# Visual Studio 15
VisualStudioVersion = 15.0.28307.705
MinimumVisualStudioVersion = 10.0.40219.1
Project("{FAE04EC0-301F-11D3-BF4B-00C04F79EFBC}") = "WebBanhTrangUmbraco", "WebBanhTrangUmbraco\WebBanhTrangUmbraco.csproj", "{9C98DCF1-F4EB-40C1-8750-5F50486AE676}"
EndProject
Global
	GlobalSection(SolutionConfigurationPlatforms) = preSolution
		Debug|Any CPU = Debug|Any CPU
		Release|Any CPU = Release|Any CPU
	EndGlobalSection
	GlobalSection(ProjectConfigurationPlatforms) = postSolution
		{9C98DCF1-F4EB-40C1-8750-5F50486AE676}.Debug|Any CPU.ActiveCfg = Debug|Any CPU
		{9C98DCF1-F4EB-40C1-8750-5F50486AE676}.Debug|Any CPU.Build.0 = Debug|Any CPU
		{9C98DCF1-F4EB-40C1-8750-5F50486AE676}.Release|Any CPU.ActiveCfg = Release|Any CPU
		{9C98DCF1-F4EB-40C1-8750-5F50486AE676}.Release|Any CPU.Build.0 = Release|Any CPU
	EndGlobalSection
	GlobalSection(SolutionProperties) = preSolution
		HideSolutionNode = FALSE
	EndGlobalSection
	GlobalSection(ExtensibilityGlobals) = postSolution
		SolutionGuid = {76A14FA0-DA49-4E35-8934-6C0AAC2FC10B}
	EndGlobalSection
EndGlobal
